# THIS IS AN AUTOGENERATED FILE. DO NOT EDIT THIS FILE DIRECTLY.
# yarn lockfile v1


two.js@^0.8.14:
  version "0.8.14"
  resolved "https://registry.yarnpkg.com/two.js/-/two.js-0.8.14.tgz#d747962ec5d46d6643a6be743797bbbb1fd02700"
  integrity sha512-l8z10ssKjrJSLbDL0Uoy4CNlML377ubIy2J1kxkAsKkE+ToiUDAvueLmDvVAngFh2fib5HtOWTr9fVIQEVw3vw==
